{
  "requires": true,
  "lockfileVersion": 1,
  "dependencies": {
    "jpopup": {
      "version": "1.2.1",
      "resolved": "https://registry.npmjs.org/jpopup/-/jpopup-1.2.1.tgz",
      "integrity": "sha512-mnuYijA65qKN1vVCHVKy39d+8kAGTETujSoI/Oc5VN+T4ByjvhOUMdfQAVHqU1RaoWAlDiU1+JHP4MoqllYUhg=="
    },
    "x0popup": {
      "version": "0.3.3",
      "resolved": "https://registry.npmjs.org/x0popup/-/x0popup-0.3.3.tgz",
      "integrity": "sha1-Nj2P2hh2N/p1T7bGBCJWZzOz4Q0="
    }
  }
}
